// !$*UTF8*$!
{
	archiveVersion = 1;
	classes = {
	};
	objectVersion = 77;
	objects = {

/* Begin PBXContainerItemProxy section */
		1DD8AFC02D3EBC2A00377FC2 /* PBXContainerItemProxy */ = {
			isa = PBXContainerItemProxy;
			containerPortal = 1DD8AFA12D3EBC2700377FC2 /* Project object */;
			proxyType = 1;
			remoteGlobalIDString = 1DD8AFA82D3EBC2700377FC2;
			remoteInfo = "its a zoo";
		};
		1DD8AFCA2D3EBC2A00377FC2 /* PBXContainerItemProxy */ = {
			isa = PBXContainerItemProxy;
			containerPortal = 1DD8AFA12D3EBC2700377FC2 /* Project object */;
			proxyType = 1;
			remoteGlobalIDString = 1DD8AFA82D3EBC2700377FC2;
			remoteInfo = "its a zoo";
		};
/* End PBXContainerItemProxy section */

/* Begin PBXFileReference section */
		1DD8AFA92D3EBC2700377FC2 /* its a zoo.app */ = {isa = PBXFileReference; explicitFileType = wrapper.application; includeInIndex = 0; path = "its a zoo.app"; sourceTree = BUILT_PRODUCTS_DIR; };
		1DD8AFBF2D3EBC2A00377FC2 /* its a zooTests.xctest */ = {isa = PBXFileReference; explicitFileType = wrapper.cfbundle; includeInIndex = 0; path = "its a zooTests.xctest"; sourceTree = BUILT_PRODUCTS_DIR; };
		1DD8AFC92D3EBC2A00377FC2 /* its a zooUITests.xctest */ = {isa = PBXFileReference; explicitFileType = wrapper.cfbundle; includeInIndex = 0; path = "its a zooUITests.xctest"; sourceTree = BUILT_PRODUCTS_DIR; };
/* End PBXFileReference section */

/* Begin PBXFileSystemSynchronizedBuildFileExceptionSet section */
		1DD8AFD12D3EBC2A00377FC2 /* Exceptions for "its a zoo" folder in "its a zoo" target */ = {
			isa = PBXFileSystemSynchronizedBuildFileExceptionSet;
			membershipExceptions = (
				Info.plist,
			);
			target = 1DD8AFA82D3EBC2700377FC2 /* its a zoo */;
		};
/* End PBXFileSystemSynchronizedBuildFileExceptionSet section */

/* Begin PBXFileSystemSynchronizedRootGroup section */
		1DD8AFAB2D3EBC2700377FC2 /* its a zoo */ = {
			isa = PBXFileSystemSynchronizedRootGroup;
			exceptions = (
				1DD8AFD12D3EBC2A00377FC2 /* Exceptions for "its a zoo" folder in "its a zoo" target */,
			);
			path = "its a zoo";
			sourceTree = "<group>";
		};
		1DD8AFC22D3EBC2A00377FC2 /* its a zooTests */ = {
			isa = PBXFileSystemSynchronizedRootGroup;
			path = "its a zooTests";
			sourceTree = "<group>";
		};
		1DD8AFCC2D3EBC2A00377FC2 /* its a zooUITests */ = {
			isa = PBXFileSystemSynchronizedRootGroup;
			path = "its a zooUITests";
			sourceTree = "<group>";
		};
/* End PBXFileSystemSynchronizedRootGroup section */

/* Begin PBXFrameworksBuildPhase section */
		1DD8AFA62D3EBC2700377FC2 /* Frameworks */ = {
			isa = PBXFrameworksBuildPhase;
			buildActionMask = 2147483647;
			files = (
			);
			runOnlyForDeploymentPostprocessing = 0;
		};
		1DD8AFBC2D3EBC2A00377FC2 /* Frameworks */ = {
			isa = PBXFrameworksBuildPhase;
			buildActionMask = 2147483647;
			files = (
			);
			runOnlyForDeploymentPostprocessing = 0;
		};
		1DD8AFC62D3EBC2A00377FC2 /* Frameworks */ = {
			isa = PBXFrameworksBuildPhase;
			buildActionMask = 2147483647;
			files = (
			);
			runOnlyForDeploymentPostprocessing = 0;
		};
/* End PBXFrameworksBuildPhase section */

/* Begin PBXGroup section */
		1DD8AFA02D3EBC2700377FC2 = {
			isa = PBXGroup;
			children = (
				1DD8AFAB2D3EBC2700377FC2 /* its a zoo */,
				1DD8AFC22D3EBC2A00377FC2 /* its a zooTests */,
				1DD8AFCC2D3EBC2A00377FC2 /* its a zooUITests */,
				1DD8AFAA2D3EBC2700377FC2 /* Products */,
			);
			sourceTree = "<group>";
		};
		1DD8AFAA2D3EBC2700377FC2 /* Products */ = {
			isa = PBXGroup;
			children = (
				1DD8AFA92D3EBC2700377FC2 /* its a zoo.app */,
				1DD8AFBF2D3EBC2A00377FC2 /* its a zooTests.xctest */,
				1DD8AFC92D3EBC2A00377FC2 /* its a zooUITests.xctest */,
			);
			name = Products;
			sourceTree = "<group>";
		};
/* End PBXGroup section */

/* Begin PBXNativeTarget section */
		1DD8AFA82D3EBC2700377FC2 /* its a zoo */ = {
			isa = PBXNativeTarget;
			buildConfigurationList = 1DD8AFD22D3EBC2A00377FC2 /* Build configuration list for PBXNativeTarget "its a zoo" */;
			buildPhases = (
				1DD8AFA52D3EBC2700377FC2 /* Sources */,
				1DD8AFA62D3EBC2700377FC2 /* Frameworks */,
				1DD8AFA72D3EBC2700377FC2 /* Resources */,
			);
			buildRules = (
			);
			dependencies = (
			);
			fileSystemSynchronizedGroups = (
				1DD8AFAB2D3EBC2700377FC2 /* its a zoo */,
			);
			name = "its a zoo";
			packageProductDependencies = (
			);
			productName = "its a zoo";
			productReference = 1DD8AFA92D3EBC2700377FC2 /* its a zoo.app */;
			productType = "com.apple.product-type.application";
		};
		1DD8AFBE2D3EBC2A00377FC2 /* its a zooTests */ = {
			isa = PBXNativeTarget;
			buildConfigurationList = 1DD8AFD72D3EBC2A00377FC2 /* Build configuration list for PBXNativeTarget "its a zooTests" */;
			buildPhases = (
				1DD8AFBB2D3EBC2A00377FC2 /* Sources */,
				1DD8AFBC2D3EBC2A00377FC2 /* Frameworks */,
				1DD8AFBD2D3EBC2A00377FC2 /* Resources */,
			);
			buildRules = (
			);
			dependencies = (
				1DD8AFC12D3EBC2A00377FC2 /* PBXTargetDependency */,
			);
			fileSystemSynchronizedGroups = (
				1DD8AFC22D3EBC2A00377FC2 /* its a zooTests */,
			);
			name = "its a zooTests";
			packageProductDependencies = (
			);
			productName = "its a zooTests";
			productReference = 1DD8AFBF2D3EBC2A00377FC2 /* its a zooTests.xctest */;
			productType = "com.apple.product-type.bundle.unit-test";
		};
		1DD8AFC82D3EBC2A00377FC2 /* its a zooUITests */ = {
			isa = PBXNativeTarget;
			buildConfigurationList = 1DD8AFDA2D3EBC2A00377FC2 /* Build configuration list for PBXNativeTarget "its a zooUITests" */;
			buildPhases = (
				1DD8AFC52D3EBC2A00377FC2 /* Sources */,
				1DD8AFC62D3EBC2A00377FC2 /* Frameworks */,
				1DD8AFC72D3EBC2A00377FC2 /* Resources */,
			);
			buildRules = (
			);
			dependencies = (
				1DD8AFCB2D3EBC2A00377FC2 /* PBXTargetDependency */,
			);
			fileSystemSynchronizedGroups = (
				1DD8AFCC2D3EBC2A00377FC2 /* its a zooUITests */,
			);
			name = "its a zooUITests";
			packageProductDependencies = (
			);
			productName = "its a zooUITests";
			productReference = 1DD8AFC92D3EBC2A00377FC2 /* its a zooUITests.xctest */;
			productType = "com.apple.product-type.bundle.ui-testing";
		};
/* End PBXNativeTarget section */

/* Begin PBXProject section */
		1DD8AFA12D3EBC2700377FC2 /* Project object */ = {
			isa = PBXProject;
			attributes = {
				BuildIndependentTargetsInParallel = 1;
				LastSwiftUpdateCheck = 1620;
				LastUpgradeCheck = 1620;
				TargetAttributes = {
					1DD8AFA82D3EBC2700377FC2 = {
						CreatedOnToolsVersion = 16.2;
					};
					1DD8AFBE2D3EBC2A00377FC2 = {
						CreatedOnToolsVersion = 16.2;
						TestTargetID = 1DD8AFA82D3EBC2700377FC2;
					};
					1DD8AFC82D3EBC2A00377FC2 = {
						CreatedOnToolsVersion = 16.2;
						TestTargetID = 1DD8AFA82D3EBC2700377FC2;
					};
				};
			};
			buildConfigurationList = 1DD8AFA42D3EBC2700377FC2 /* Build configuration list for PBXProject "its a zoo" */;
			developmentRegion = en;
			hasScannedForEncodings = 0;
			knownRegions = (
				en,
				Base,
			);
			mainGroup = 1DD8AFA02D3EBC2700377FC2;
			minimizedProjectReferenceProxies = 1;
			preferredProjectObjectVersion = 77;
			productRefGroup = 1DD8AFAA2D3EBC2700377FC2 /* Products */;
			projectDirPath = "";
			projectRoot = "";
			targets = (
				1DD8AFA82D3EBC2700377FC2 /* its a zoo */,
				1DD8AFBE2D3EBC2A00377FC2 /* its a zooTests */,
				1DD8AFC82D3EBC2A00377FC2 /* its a zooUITests */,
			);
		};
/* End PBXProject section */

/* Begin PBXResourcesBuildPhase section */
		1DD8AFA72D3EBC2700377FC2 /* Resources */ = {
			isa = PBXResourcesBuildPhase;
			buildActionMask = 2147483647;
			files = (
			);
			runOnlyForDeploymentPostprocessing = 0;
		};
		1DD8AFBD2D3EBC2A00377FC2 /* Resources */ = {
			isa = PBXResourcesBuildPhase;
			buildActionMask = 2147483647;
			files = (
			);
			runOnlyForDeploymentPostprocessing = 0;
		};
		1DD8AFC72D3EBC2A00377FC2 /* Resources */ = {
			isa = PBXResourcesBuildPhase;
			buildActionMask = 2147483647;
			files = (
			);
			runOnlyForDeploymentPostprocessing = 0;
		};
/* End PBXResourcesBuildPhase section */

/* Begin PBXSourcesBuildPhase section */
		1DD8AFA52D3EBC2700377FC2 /* Sources */ = {
			isa = PBXSourcesBuildPhase;
			buildActionMask = 2147483647;
			files = (
			);
			runOnlyForDeploymentPostprocessing = 0;
		};
		1DD8AFBB2D3EBC2A00377FC2 /* Sources */ = {
			isa = PBXSourcesBuildPhase;
			buildActionMask = 2147483647;
			files = (
			);
			runOnlyForDeploymentPostprocessing = 0;
		};
		1DD8AFC52D3EBC2A00377FC2 /* Sources */ = {
			isa = PBXSourcesBuildPhase;
			buildActionMask = 2147483647;
			files = (
			);
			runOnlyForDeploymentPostprocessing = 0;
		};
/* End PBXSourcesBuildPhase section */

/* Begin PBXTargetDependency section */
		1DD8AFC12D3EBC2A00377FC2 /* PBXTargetDependency */ = {
			isa = PBXTargetDependency;
			target = 1DD8AFA82D3EBC2700377FC2 /* its a zoo */;
			targetProxy = 1DD8AFC02D3EBC2A00377FC2 /* PBXContainerItemProxy */;
		};
		1DD8AFCB2D3EBC2A00377FC2 /* PBXTargetDependency */ = {
			isa = PBXTargetDependency;
			target = 1DD8AFA82D3EBC2700377FC2 /* its a zoo */;
			targetProxy = 1DD8AFCA2D3EBC2A00377FC2 /* PBXContainerItemProxy */;
		};
/* End PBXTargetDependency section */

/* Begin XCBuildConfiguration section */
		1DD8AFD32D3EBC2A00377FC2 /* Debug */ = {
			isa = XCBuildConfiguration;
			buildSettings = {
				ASSETCATALOG_COMPILER_APPICON_NAME = AppIcon;
				ASSETCATALOG_COMPILER_GLOBAL_ACCENT_COLOR_NAME = AccentColor;
				CODE_SIGN_STYLE = Automatic;
				CURRENT_PROJECT_VERSION = 1;
				GENERATE_INFOPLIST_FILE = YES;
				INFOPLIST_FILE = "its a zoo/Info.plist";
				INFOPLIST_KEY_UIApplicationSupportsIndirectInputEvents = YES;
				INFOPLIST_KEY_UILaunchStoryboardName = LaunchScreen;
				INFOPLIST_KEY_UIMainStoryboardFile = Main;
				INFOPLIST_KEY_UISupportedInterfaceOrientations_iPad = "UIInterfaceOrientationPortrait UIInterfaceOrientationPortraitUpsideDown UIInterfaceOrientationLandscapeLeft UIInterfaceOrientationLandscapeRight";
				INFOPLIST_KEY_UISupportedInterfaceOrientations_iPhone = "UIInterfaceOrientationPortrait UIInterfaceOrientationLandscapeLeft UIInterfaceOrientationLandscapeRight";
				LD_RUNPATH_SEARCH_PATHS = (
					"$(inherited)",
					"@executable_path/Frameworks",
				);
				MARKETING_VERSION = 1.0;
				PRODUCT_BUNDLE_IDENTIFIER = "larguello365.its-a-zoo";
				PRODUCT_NAME = "$(TARGET_NAME)";
				SWIFT_EMIT_LOC_STRINGS = YES;
				SWIFT_VERSION = 5.0;
				TARGETED_DEVICE_FAMILY = "1,2";
			};
			name = Debug;
		};
		1DD8AFD42D3EBC2A00377FC2 /* Release */ = {
			isa = XCBuildConfiguration;
			buildSettings = {
				ASSETCATALOG_COMPILER_APPICON_NAME = AppIcon;
				ASSETCATALOG_COMPILER_GLOBAL_ACCENT_COLOR_NAME = AccentColor;
				CODE_SIGN_STYLE = Automatic;
				CURRENT_PROJECT_VERSION = 1;
				GENERATE_INFOPLIST_FILE = YES;
				INFOPLIST_FILE = "its a zoo/Info.plist";
				INFOPLIST_KEY_UIApplicationSupportsIndirectInputEvents = YES;
				INFOPLIST_KEY_UILaunchStoryboardName = LaunchScreen;
				INFOPLIST_KEY_UIMainStoryboardFile = Main;
				INFOPLIST_KEY_UISupportedInterfaceOrientations_iPad = "UIInterfaceOrientationPortrait UIInterfaceOrientationPortraitUpsideDown UIInterfaceOrientationLandscapeLeft UIInterfaceOrientationLandscapeRight";
				INFOPLIST_KEY_UISupportedInterfaceOrientations_iPhone = "UIInterfaceOrientationPortrait UIInterfaceOrientationLandscapeLeft UIInterfaceOrientationLandscapeRight";
				LD_RUNPATH_SEARCH_PATHS = (
					"$(inherited)",
					"@executable_path/Frameworks",
				);
				MARKETING_VERSION = 1.0;
				PRODUCT_BUNDLE_IDENTIFIER = "larguello365.its-a-zoo";
				PRODUCT_NAME = "$(TARGET_NAME)";
				SWIFT_EMIT_LOC_STRINGS = YES;
				SWIFT_VERSION = 5.0;
				TARGETED_DEVICE_FAMILY = "1,2";
			};
			name = Release;
		};
		1DD8AFD52D3EBC2A00377FC2 /* Debug */ = {
			isa = XCBuildConfiguration;
			buildSettings = {
				ALWAYS_SEARCH_USER_PATHS = NO;
				ASSETCATALOG_COMPILER_GENERATE_SWIFT_ASSET_SYMBOL_EXTENSIONS = YES;
				CLANG_ANALYZER_NONNULL = YES;
				CLANG_ANALYZER_NUMBER_OBJECT_CONVERSION = YES_AGGRESSIVE;
				CLANG_CXX_LANGUAGE_STANDARD = "gnu++20";
				CLANG_ENABLE_MODULES = YES;
				CLANG_ENABLE_OBJC_ARC = YES;
				CLANG_ENABLE_OBJC_WEAK = YES;
				CLANG_WARN_BLOCK_CAPTURE_AUTORELEASING = YES;
				CLANG_WARN_BOOL_CONVERSION = YES;
				CLANG_WARN_COMMA = YES;
				CLANG_WARN_CONSTANT_CONVERSION = YES;
				CLANG_WARN_DEPRECATED_OBJC_IMPLEMENTATIONS = YES;
				CLANG_WARN_DIRECT_OBJC_ISA_USAGE = YES_ERROR;
				CLANG_WARN_DOCUMENTATION_COMMENTS = YES;
				CLANG_WARN_EMPTY_BODY = YES;
				CLANG_WARN_ENUM_CONVERSION = YES;
				CLANG_WARN_INFINITE_RECURSION = YES;
				CLANG_WARN_INT_CONVERSION = YES;
				CLANG_WARN_NON_LITERAL_NULL_CONVERSION = YES;
				CLANG_WARN_OBJC_IMPLICIT_RETAIN_SELF = YES;
				CLANG_WARN_OBJC_LITERAL_CONVERSION = YES;
				CLANG_WARN_OBJC_ROOT_CLASS = YES_ERROR;
				CLANG_WARN_QUOTED_INCLUDE_IN_FRAMEWORK_HEADER = YES;
				CLANG_WARN_RANGE_LOOP_ANALYSIS = YES;
				CLANG_WARN_STRICT_PROTOTYPES = YES;
				CLANG_WARN_SUSPICIOUS_MOVE = YES;
				CLANG_WARN_UNGUARDED_AVAILABILITY = YES_AGGRESSIVE;
				CLANG_WARN_UNREACHABLE_CODE = YES;
				CLANG_WARN__DUPLICATE_METHOD_MATCH = YES;
				COPY_PHASE_STRIP = NO;
				DEBUG_INFORMATION_FORMAT = dwarf;
				ENABLE_STRICT_OBJC_MSGSEND = YES;
				ENABLE_TESTABILITY = YES;
				ENABLE_USER_SCRIPT_SANDBOXING = YES;
				GCC_C_LANGUAGE_STANDARD = gnu17;
				GCC_DYNAMIC_NO_PIC = NO;
				GCC_NO_COMMON_BLOCKS = YES;
				GCC_OPTIMIZATION_LEVEL = 0;
				GCC_PREPROCESSOR_DEFINITIONS = (
					"DEBUG=1",
					"$(inherited)",
				);
				GCC_WARN_64_TO_32_BIT_CONVERSION = YES;
				GCC_WARN_ABOUT_RETURN_TYPE = YES_ERROR;
				GCC_WARN_UNDECLARED_SELECTOR = YES;
				GCC_WARN_UNINITIALIZED_AUTOS = YES_AGGRESSIVE;
				GCC_WARN_UNUSED_FUNCTION = YES;
				GCC_WARN_UNUSED_VARIABLE = YES;
				IPHONEOS_DEPLOYMENT_TARGET = 18.2;
				LOCALIZATION_PREFERS_STRING_CATALOGS = YES;
				MTL_ENABLE_DEBUG_INFO = INCLUDE_SOURCE;
				MTL_FAST_MATH = YES;
				ONLY_ACTIVE_ARCH = YES;
				SDKROOT = iphoneos;
				SWIFT_ACTIVE_COMPILATION_CONDITIONS = "DEBUG $(inherited)";
				SWIFT_OPTIMIZATION_LEVEL = "-Onone";
			};
			name = Debug;
		};
		1DD8AFD62D3EBC2A00377FC2 /* Release */ = {
			isa = XCBuildConfiguration;
			buildSettings = {
				ALWAYS_SEARCH_USER_PATHS = NO;
				ASSETCATALOG_COMPILER_GENERATE_SWIFT_ASSET_SYMBOL_EXTENSIONS = YES;
				CLANG_ANALYZER_NONNULL = YES;
				CLANG_ANALYZER_NUMBER_OBJECT_CONVERSION = YES_AGGRESSIVE;
				CLANG_CXX_LANGUAGE_STANDARD = "gnu++20";
				CLANG_ENABLE_MODULES = YES;
				CLANG_ENABLE_OBJC_ARC = YES;
				CLANG_ENABLE_OBJC_WEAK = YES;
				CLANG_WARN_BLOCK_CAPTURE_AUTORELEASING = YES;
				CLANG_WARN_BOOL_CONVERSION = YES;
				CLANG_WARN_COMMA = YES;
				CLANG_WARN_CONSTANT_CONVERSION = YES;
				CLANG_WARN_DEPRECATED_OBJC_IMPLEMENTATIONS = YES;
				CLANG_WARN_DIRECT_OBJC_ISA_USAGE = YES_ERROR;
				CLANG_WARN_DOCUMENTATION_COMMENTS = YES;
				CLANG_WARN_EMPTY_BODY = YES;
				CLANG_WARN_ENUM_CONVERSION = YES;
				CLANG_WARN_INFINITE_RECURSION = YES;
				CLANG_WARN_INT_CONVERSION = YES;
				CLANG_WARN_NON_LITERAL_NULL_CONVERSION = YES;
				CLANG_WARN_OBJC_IMPLICIT_RETAIN_SELF = YES;
				CLANG_WARN_OBJC_LITERAL_CONVERSION = YES;
				CLANG_WARN_OBJC_ROOT_CLASS = YES_ERROR;
				CLANG_WARN_QUOTED_INCLUDE_IN_FRAMEWORK_HEADER = YES;
				CLANG_WARN_RANGE_LOOP_ANALYSIS = YES;
				CLANG_WARN_STRICT_PROTOTYPES = YES;
				CLANG_WARN_SUSPICIOUS_MOVE = YES;
				CLANG_WARN_UNGUARDED_AVAILABILITY = YES_AGGRESSIVE;
				CLANG_WARN_UNREACHABLE_CODE = YES;
				CLANG_WARN__DUPLICATE_METHOD_MATCH = YES;
				COPY_PHASE_STRIP = NO;
				DEBUG_INFORMATION_FORMAT = "dwarf-with-dsym";
				ENABLE_NS_ASSERTIONS = NO;
				ENABLE_STRICT_OBJC_MSGSEND = YES;
				ENABLE_USER_SCRIPT_SANDBOXING = YES;
				GCC_C_LANGUAGE_STANDARD = gnu17;
				GCC_NO_COMMON_BLOCKS = YES;
				GCC_WARN_64_TO_32_BIT_CONVERSION = YES;
				GCC_WARN_ABOUT_RETURN_TYPE = YES_ERROR;
				GCC_WARN_UNDECLARED_SELECTOR = YES;
				GCC_WARN_UNINITIALIZED_AUTOS = YES_AGGRESSIVE;
				GCC_WARN_UNUSED_FUNCTION = YES;
				GCC_WARN_UNUSED_VARIABLE = YES;
				IPHONEOS_DEPLOYMENT_TARGET = 18.2;
				LOCALIZATION_PREFERS_STRING_CATALOGS = YES;
				MTL_ENABLE_DEBUG_INFO = NO;
				MTL_FAST_MATH = YES;
				SDKROOT = iphoneos;
				SWIFT_COMPILATION_MODE = wholemodule;
				VALIDATE_PRODUCT = YES;
			};
			name = Release;
		};
		1DD8AFD82D3EBC2A00377FC2 /* Debug */ = {
			isa = XCBuildConfiguration;
			buildSettings = {
				BUNDLE_LOADER = "$(TEST_HOST)";
				CODE_SIGN_STYLE = Automatic;
				CURRENT_PROJECT_VERSION = 1;
				GENERATE_INFOPLIST_FILE = YES;
				IPHONEOS_DEPLOYMENT_TARGET = 18.2;
				MARKETING_VERSION = 1.0;
				PRODUCT_BUNDLE_IDENTIFIER = "larguello365.its-a-zooTests";
				PRODUCT_NAME = "$(TARGET_NAME)";
				SWIFT_EMIT_LOC_STRINGS = NO;
				SWIFT_VERSION = 5.0;
				TARGETED_DEVICE_FAMILY = "1,2";
				TEST_HOST = "$(BUILT_PRODUCTS_DIR)/its a zoo.app/$(BUNDLE_EXECUTABLE_FOLDER_PATH)/its a zoo";
			};
			name = Debug;
		};
		1DD8AFD92D3EBC2A00377FC2 /* Release */ = {
			isa = XCBuildConfiguration;
			buildSettings = {
				BUNDLE_LOADER = "$(TEST_HOST)";
				CODE_SIGN_STYLE = Automatic;
				CURRENT_PROJECT_VERSION = 1;
				GENERATE_INFOPLIST_FILE = YES;
				IPHONEOS_DEPLOYMENT_TARGET = 18.2;
				MARKETING_VERSION = 1.0;
				PRODUCT_BUNDLE_IDENTIFIER = "larguello365.its-a-zooTests";
				PRODUCT_NAME = "$(TARGET_NAME)";
				SWIFT_EMIT_LOC_STRINGS = NO;
				SWIFT_VERSION = 5.0;
				TARGETED_DEVICE_FAMILY = "1,2";
				TEST_HOST = "$(BUILT_PRODUCTS_DIR)/its a zoo.app/$(BUNDLE_EXECUTABLE_FOLDER_PATH)/its a zoo";
			};
			name = Release;
		};
		1DD8AFDB2D3EBC2A00377FC2 /* Debug */ = {
			isa = XCBuildConfiguration;
			buildSettings = {
				CODE_SIGN_STYLE = Automatic;
				CURRENT_PROJECT_VERSION = 1;
				GENERATE_INFOPLIST_FILE = YES;
				MARKETING_VERSION = 1.0;
				PRODUCT_BUNDLE_IDENTIFIER = "larguello365.its-a-zooUITests";
				PRODUCT_NAME = "$(TARGET_NAME)";
				SWIFT_EMIT_LOC_STRINGS = NO;
				SWIFT_VERSION = 5.0;
				TARGETED_DEVICE_FAMILY = "1,2";
				TEST_TARGET_NAME = "its a zoo";
			};
			name = Debug;
		};
		1DD8AFDC2D3EBC2A00377FC2 /* Release */ = {
			isa = XCBuildConfiguration;
			buildSettings = {
				CODE_SIGN_STYLE = Automatic;
				CURRENT_PROJECT_VERSION = 1;
				GENERATE_INFOPLIST_FILE = YES;
				MARKETING_VERSION = 1.0;
				PRODUCT_BUNDLE_IDENTIFIER = "larguello365.its-a-zooUITests";
				PRODUCT_NAME = "$(TARGET_NAME)";
				SWIFT_EMIT_LOC_STRINGS = NO;
				SWIFT_VERSION = 5.0;
				TARGETED_DEVICE_FAMILY = "1,2";
				TEST_TARGET_NAME = "its a zoo";
			};
			name = Release;
		};
/* End XCBuildConfiguration section */

/* Begin XCConfigurationList section */
		1DD8AFA42D3EBC2700377FC2 /* Build configuration list for PBXProject "its a zoo" */ = {
			isa = XCConfigurationList;
			buildConfigurations = (
				1DD8AFD52D3EBC2A00377FC2 /* Debug */,
				1DD8AFD62D3EBC2A00377FC2 /* Release */,
			);
			defaultConfigurationIsVisible = 0;
			defaultConfigurationName = Release;
		};
		1DD8AFD22D3EBC2A00377FC2 /* Build configuration list for PBXNativeTarget "its a zoo" */ = {
			isa = XCConfigurationList;
			buildConfigurations = (
				1DD8AFD32D3EBC2A00377FC2 /* Debug */,
				1DD8AFD42D3EBC2A00377FC2 /* Release */,
			);
			defaultConfigurationIsVisible = 0;
			defaultConfigurationName = Release;
		};
		1DD8AFD72D3EBC2A00377FC2 /* Build configuration list for PBXNativeTarget "its a zooTests" */ = {
			isa = XCConfigurationList;
			buildConfigurations = (
				1DD8AFD82D3EBC2A00377FC2 /* Debug */,
				1DD8AFD92D3EBC2A00377FC2 /* Release */,
			);
			defaultConfigurationIsVisible = 0;
			defaultConfigurationName = Release;
		};
		1DD8AFDA2D3EBC2A00377FC2 /* Build configuration list for PBXNativeTarget "its a zooUITests" */ = {
			isa = XCConfigurationList;
			buildConfigurations = (
				1DD8AFDB2D3EBC2A00377FC2 /* Debug */,
				1DD8AFDC2D3EBC2A00377FC2 /* Release */,
			);
			defaultConfigurationIsVisible = 0;
			defaultConfigurationName = Release;
		};
/* End XCConfigurationList section */
	};
	rootObject = 1DD8AFA12D3EBC2700377FC2 /* Project object */;
}
